
Microsoft Visual Studio Solution File, Format Version 12.00
# Visual Studio Version 17
VisualStudioVersion = 17.10.35013.160
MinimumVisualStudioVersion = 10.0.40219.1
Project("{9A19103F-16F7-4668-BE54-9A1E7A4F7556}") = "GameOfLifeAPI", "GameOfLifeAPI\GameOfLifeAPI.csproj", "{0A9AEED0-38FF-4F08-9841-C55D9C9B6402}"
EndProject
Project("{FAE04EC0-301F-11D3-BF4B-00C04F79EFBC}") = "GameOfLifeAPITests", "GameOfLifeAPITests\GameOfLifeAPITests.csproj", "{DA768512-CEBF-4FAB-BE4A-C6CEE79FE199}"
EndProject
Global
	GlobalSection(SolutionConfigurationPlatforms) = preSolution
		Debug|Any CPU = Debug|Any CPU
		Release|Any CPU = Release|Any CPU
	EndGlobalSection
	GlobalSection(ProjectConfigurationPlatforms) = postSolution
		{0A9AEED0-38FF-4F08-9841-C55D9C9B6402}.Debug|Any CPU.ActiveCfg = Debug|Any CPU
		{0A9AEED0-38FF-4F08-9841-C55D9C9B6402}.Debug|Any CPU.Build.0 = Debug|Any CPU
		{0A9AEED0-38FF-4F08-9841-C55D9C9B6402}.Release|Any CPU.ActiveCfg = Release|Any CPU
		{0A9AEED0-38FF-4F08-9841-C55D9C9B6402}.Release|Any CPU.Build.0 = Release|Any CPU
		{DA768512-CEBF-4FAB-BE4A-C6CEE79FE199}.Debug|Any CPU.ActiveCfg = Debug|Any CPU
		{DA768512-CEBF-4FAB-BE4A-C6CEE79FE199}.Debug|Any CPU.Build.0 = Debug|Any CPU
		{DA768512-CEBF-4FAB-BE4A-C6CEE79FE199}.Release|Any CPU.ActiveCfg = Release|Any CPU
		{DA768512-CEBF-4FAB-BE4A-C6CEE79FE199}.Release|Any CPU.Build.0 = Release|Any CPU
	EndGlobalSection
	GlobalSection(SolutionProperties) = preSolution
		HideSolutionNode = FALSE
	EndGlobalSection
	GlobalSection(ExtensibilityGlobals) = postSolution
		SolutionGuid = {7B4EA099-0706-4414-8EEF-F2B7C3D281C5}
	EndGlobalSection
EndGlobal
